// !$*UTF8*$!
{
	archiveVersion = 1;
	classes = {
	};
	objectVersion = 56;
	objects = {

/* Begin PBXBuildFile section */
		474FF8DD2C34B52200C853F1 /* OrderTypeGridView.swift in Sources */ = {isa = PBXBuildFile; fileRef = 474FF8DC2C34B52200C853F1 /* OrderTypeGridView.swift */; };
		474FF8E02C34B8CB00C853F1 /* OrderType.swift in Sources */ = {isa = PBXBuildFile; fileRef = 474FF8DF2C34B8CB00C853F1 /* OrderType.swift */; };
		474FF8E32C34B94C00C853F1 /* DataSourceMock.swift in Sources */ = {isa = PBXBuildFile; fileRef = 474FF8E22C34B94C00C853F1 /* DataSourceMock.swift */; };
		474FF8E52C34BBFC00C853F1 /* OrderTypeView.swift in Sources */ = {isa = PBXBuildFile; fileRef = 474FF8E42C34BBFC00C853F1 /* OrderTypeView.swift */; };
		474FF8EA2C34C6B200C853F1 /* CaroulselItemView.swift in Sources */ = {isa = PBXBuildFile; fileRef = 474FF8E92C34C6B200C853F1 /* CaroulselItemView.swift */; };
		474FF8EC2C34C78000C853F1 /* CaroulselTabView.swift in Sources */ = {isa = PBXBuildFile; fileRef = 474FF8EB2C34C78000C853F1 /* CaroulselTabView.swift */; };
		474FF8EE2C34CA1300C853F1 /* StoreItemView.swift in Sources */ = {isa = PBXBuildFile; fileRef = 474FF8ED2C34CA1300C853F1 /* StoreItemView.swift */; };
		474FF8F32C34CBE200C853F1 /* StoresContainerView.swift in Sources */ = {isa = PBXBuildFile; fileRef = 474FF8F22C34CBE200C853F1 /* StoresContainerView.swift */; };
		479541AC2C4566FE00806B1E /* StoreDetailView.swift in Sources */ = {isa = PBXBuildFile; fileRef = 479541AB2C4566FE00806B1E /* StoreDetailView.swift */; };
		479541AE2C456A2300806B1E /* StoreType.swift in Sources */ = {isa = PBXBuildFile; fileRef = 479541AD2C456A2300806B1E /* StoreType.swift */; };
		479541B02C456AAE00806B1E /* ProductType.swift in Sources */ = {isa = PBXBuildFile; fileRef = 479541AF2C456AAE00806B1E /* ProductType.swift */; };
		479D6DC62C322A610081843A /* ChefDeliveryApp.swift in Sources */ = {isa = PBXBuildFile; fileRef = 479D6DC52C322A610081843A /* ChefDeliveryApp.swift */; };
		479D6DC82C322A610081843A /* ContentView.swift in Sources */ = {isa = PBXBuildFile; fileRef = 479D6DC72C322A610081843A /* ContentView.swift */; };
		479D6DCA2C322A630081843A /* Assets.xcassets in Resources */ = {isa = PBXBuildFile; fileRef = 479D6DC92C322A630081843A /* Assets.xcassets */; };
		479D6DCD2C322A630081843A /* Preview Assets.xcassets in Resources */ = {isa = PBXBuildFile; fileRef = 479D6DCC2C322A630081843A /* Preview Assets.xcassets */; };
		479D6DD82C322CA00081843A /* NavigationBar.swift in Sources */ = {isa = PBXBuildFile; fileRef = 479D6DD72C322CA00081843A /* NavigationBar.swift */; };
/* End PBXBuildFile section */

/* Begin PBXFileReference section */
		474FF8DC2C34B52200C853F1 /* OrderTypeGridView.swift */ = {isa = PBXFileReference; lastKnownFileType = sourcecode.swift; path = OrderTypeGridView.swift; sourceTree = "<group>"; };
		474FF8DF2C34B8CB00C853F1 /* OrderType.swift */ = {isa = PBXFileReference; lastKnownFileType = sourcecode.swift; path = OrderType.swift; sourceTree = "<group>"; };
		474FF8E22C34B94C00C853F1 /* DataSourceMock.swift */ = {isa = PBXFileReference; lastKnownFileType = sourcecode.swift; path = DataSourceMock.swift; sourceTree = "<group>"; };
		474FF8E42C34BBFC00C853F1 /* OrderTypeView.swift */ = {isa = PBXFileReference; lastKnownFileType = sourcecode.swift; path = OrderTypeView.swift; sourceTree = "<group>"; };
		474FF8E92C34C6B200C853F1 /* CaroulselItemView.swift */ = {isa = PBXFileReference; lastKnownFileType = sourcecode.swift; path = CaroulselItemView.swift; sourceTree = "<group>"; };
		474FF8EB2C34C78000C853F1 /* CaroulselTabView.swift */ = {isa = PBXFileReference; lastKnownFileType = sourcecode.swift; path = CaroulselTabView.swift; sourceTree = "<group>"; };
		474FF8ED2C34CA1300C853F1 /* StoreItemView.swift */ = {isa = PBXFileReference; lastKnownFileType = sourcecode.swift; path = StoreItemView.swift; sourceTree = "<group>"; };
		474FF8F22C34CBE200C853F1 /* StoresContainerView.swift */ = {isa = PBXFileReference; lastKnownFileType = sourcecode.swift; path = StoresContainerView.swift; sourceTree = "<group>"; };
		479541AB2C4566FE00806B1E /* StoreDetailView.swift */ = {isa = PBXFileReference; lastKnownFileType = sourcecode.swift; path = StoreDetailView.swift; sourceTree = "<group>"; };
		479541AD2C456A2300806B1E /* StoreType.swift */ = {isa = PBXFileReference; lastKnownFileType = sourcecode.swift; path = StoreType.swift; sourceTree = "<group>"; };
		479541AF2C456AAE00806B1E /* ProductType.swift */ = {isa = PBXFileReference; lastKnownFileType = sourcecode.swift; path = ProductType.swift; sourceTree = "<group>"; };
		479D6DC22C322A610081843A /* ChefDelivery.app */ = {isa = PBXFileReference; explicitFileType = wrapper.application; includeInIndex = 0; path = ChefDelivery.app; sourceTree = BUILT_PRODUCTS_DIR; };
		479D6DC52C322A610081843A /* ChefDeliveryApp.swift */ = {isa = PBXFileReference; lastKnownFileType = sourcecode.swift; path = ChefDeliveryApp.swift; sourceTree = "<group>"; };
		479D6DC72C322A610081843A /* ContentView.swift */ = {isa = PBXFileReference; lastKnownFileType = sourcecode.swift; path = ContentView.swift; sourceTree = "<group>"; };
		479D6DC92C322A630081843A /* Assets.xcassets */ = {isa = PBXFileReference; lastKnownFileType = folder.assetcatalog; path = Assets.xcassets; sourceTree = "<group>"; };
		479D6DCC2C322A630081843A /* Preview Assets.xcassets */ = {isa = PBXFileReference; lastKnownFileType = folder.assetcatalog; path = "Preview Assets.xcassets"; sourceTree = "<group>"; };
		479D6DD72C322CA00081843A /* NavigationBar.swift */ = {isa = PBXFileReference; lastKnownFileType = sourcecode.swift; path = NavigationBar.swift; sourceTree = "<group>"; };
/* End PBXFileReference section */

/* Begin PBXFrameworksBuildPhase section */
		479D6DBF2C322A610081843A /* Frameworks */ = {
			isa = PBXFrameworksBuildPhase;
			buildActionMask = 2147483647;
			files = (
			);
			runOnlyForDeploymentPostprocessing = 0;
		};
/* End PBXFrameworksBuildPhase section */

/* Begin PBXGroup section */
		474FF8DE2C34B52700C853F1 /* GridView */ = {
			isa = PBXGroup;
			children = (
				474FF8DC2C34B52200C853F1 /* OrderTypeGridView.swift */,
				474FF8E42C34BBFC00C853F1 /* OrderTypeView.swift */,
			);
			name = GridView;
			sourceTree = "<group>";
		};
		474FF8E12C34B8D300C853F1 /* Model */ = {
			isa = PBXGroup;
			children = (
				474FF8DF2C34B8CB00C853F1 /* OrderType.swift */,
				474FF8E22C34B94C00C853F1 /* DataSourceMock.swift */,
				479541AD2C456A2300806B1E /* StoreType.swift */,
				479541AF2C456AAE00806B1E /* ProductType.swift */,
			);
			name = Model;
			sourceTree = "<group>";
		};
		474FF8E82C34C58E00C853F1 /* CarouselView */ = {
			isa = PBXGroup;
			children = (
				474FF8E92C34C6B200C853F1 /* CaroulselItemView.swift */,
				474FF8EB2C34C78000C853F1 /* CaroulselTabView.swift */,
			);
			name = CarouselView;
			sourceTree = "<group>";
		};
		474FF8EF2C34CA1A00C853F1 /* StoresView */ = {
			isa = PBXGroup;
			children = (
				474FF8ED2C34CA1300C853F1 /* StoreItemView.swift */,
				474FF8F22C34CBE200C853F1 /* StoresContainerView.swift */,
				479541AB2C4566FE00806B1E /* StoreDetailView.swift */,
			);
			name = StoresView;
			sourceTree = "<group>";
		};
		479D6DB92C322A610081843A = {
			isa = PBXGroup;
			children = (
				479D6DC42C322A610081843A /* ChefDelivery */,
				479D6DC32C322A610081843A /* Products */,
			);
			sourceTree = "<group>";
		};
		479D6DC32C322A610081843A /* Products */ = {
			isa = PBXGroup;
			children = (
				479D6DC22C322A610081843A /* ChefDelivery.app */,
			);
			name = Products;
			sourceTree = "<group>";
		};
		479D6DC42C322A610081843A /* ChefDelivery */ = {
			isa = PBXGroup;
			children = (
				479D6DD52C322C6E0081843A /* App */,
				474FF8E12C34B8D300C853F1 /* Model */,
				479D6DD62C322C7F0081843A /* NavigationBar */,
				474FF8DE2C34B52700C853F1 /* GridView */,
				474FF8E82C34C58E00C853F1 /* CarouselView */,
				474FF8EF2C34CA1A00C853F1 /* StoresView */,
				479D6DC92C322A630081843A /* Assets.xcassets */,
				479D6DCB2C322A630081843A /* Preview Content */,
			);
			path = ChefDelivery;
			sourceTree = "<group>";
		};
		479D6DCB2C322A630081843A /* Preview Content */ = {
			isa = PBXGroup;
			children = (
				479D6DCC2C322A630081843A /* Preview Assets.xcassets */,
			);
			path = "Preview Content";
			sourceTree = "<group>";
		};
		479D6DD52C322C6E0081843A /* App */ = {
			isa = PBXGroup;
			children = (
				479D6DC52C322A610081843A /* ChefDeliveryApp.swift */,
				479D6DC72C322A610081843A /* ContentView.swift */,
			);
			name = App;
			sourceTree = "<group>";
		};
		479D6DD62C322C7F0081843A /* NavigationBar */ = {
			isa = PBXGroup;
			children = (
				479D6DD72C322CA00081843A /* NavigationBar.swift */,
			);
			name = NavigationBar;
			sourceTree = "<group>";
		};
/* End PBXGroup section */

/* Begin PBXNativeTarget section */
		479D6DC12C322A610081843A /* ChefDelivery */ = {
			isa = PBXNativeTarget;
			buildConfigurationList = 479D6DD02C322A630081843A /* Build configuration list for PBXNativeTarget "ChefDelivery" */;
			buildPhases = (
				479D6DBE2C322A610081843A /* Sources */,
				479D6DBF2C322A610081843A /* Frameworks */,
				479D6DC02C322A610081843A /* Resources */,
			);
			buildRules = (
			);
			dependencies = (
			);
			name = ChefDelivery;
			productName = ChefDelivery;
			productReference = 479D6DC22C322A610081843A /* ChefDelivery.app */;
			productType = "com.apple.product-type.application";
		};
/* End PBXNativeTarget section */

/* Begin PBXProject section */
		479D6DBA2C322A610081843A /* Project object */ = {
			isa = PBXProject;
			attributes = {
				BuildIndependentTargetsInParallel = 1;
				LastSwiftUpdateCheck = 1540;
				LastUpgradeCheck = 1540;
				TargetAttributes = {
					479D6DC12C322A610081843A = {
						CreatedOnToolsVersion = 15.4;
					};
				};
			};
			buildConfigurationList = 479D6DBD2C322A610081843A /* Build configuration list for PBXProject "ChefDelivery" */;
			compatibilityVersion = "Xcode 14.0";
			developmentRegion = en;
			hasScannedForEncodings = 0;
			knownRegions = (
				en,
				Base,
			);
			mainGroup = 479D6DB92C322A610081843A;
			productRefGroup = 479D6DC32C322A610081843A /* Products */;
			projectDirPath = "";
			projectRoot = "";
			targets = (
				479D6DC12C322A610081843A /* ChefDelivery */,
			);
		};
/* End PBXProject section */

/* Begin PBXResourcesBuildPhase section */
		479D6DC02C322A610081843A /* Resources */ = {
			isa = PBXResourcesBuildPhase;
			buildActionMask = 2147483647;
			files = (
				479D6DCD2C322A630081843A /* Preview Assets.xcassets in Resources */,
				479D6DCA2C322A630081843A /* Assets.xcassets in Resources */,
			);
			runOnlyForDeploymentPostprocessing = 0;
		};
/* End PBXResourcesBuildPhase section */

/* Begin PBXSourcesBuildPhase section */
		479D6DBE2C322A610081843A /* Sources */ = {
			isa = PBXSourcesBuildPhase;
			buildActionMask = 2147483647;
			files = (
				474FF8E02C34B8CB00C853F1 /* OrderType.swift in Sources */,
				479541B02C456AAE00806B1E /* ProductType.swift in Sources */,
				479D6DC82C322A610081843A /* ContentView.swift in Sources */,
				474FF8E32C34B94C00C853F1 /* DataSourceMock.swift in Sources */,
				474FF8E52C34BBFC00C853F1 /* OrderTypeView.swift in Sources */,
				474FF8F32C34CBE200C853F1 /* StoresContainerView.swift in Sources */,
				474FF8DD2C34B52200C853F1 /* OrderTypeGridView.swift in Sources */,
				474FF8EE2C34CA1300C853F1 /* StoreItemView.swift in Sources */,
				479541AC2C4566FE00806B1E /* StoreDetailView.swift in Sources */,
				479D6DC62C322A610081843A /* ChefDeliveryApp.swift in Sources */,
				474FF8EA2C34C6B200C853F1 /* CaroulselItemView.swift in Sources */,
				474FF8EC2C34C78000C853F1 /* CaroulselTabView.swift in Sources */,
				479541AE2C456A2300806B1E /* StoreType.swift in Sources */,
				479D6DD82C322CA00081843A /* NavigationBar.swift in Sources */,
			);
			runOnlyForDeploymentPostprocessing = 0;
		};
/* End PBXSourcesBuildPhase section */

/* Begin XCBuildConfiguration section */
		479D6DCE2C322A630081843A /* Debug */ = {
			isa = XCBuildConfiguration;
			buildSettings = {
				ALWAYS_SEARCH_USER_PATHS = NO;
				ASSETCATALOG_COMPILER_GENERATE_SWIFT_ASSET_SYMBOL_EXTENSIONS = YES;
				CLANG_ANALYZER_NONNULL = YES;
				CLANG_ANALYZER_NUMBER_OBJECT_CONVERSION = YES_AGGRESSIVE;
				CLANG_CXX_LANGUAGE_STANDARD = "gnu++20";
				CLANG_ENABLE_MODULES = YES;
				CLANG_ENABLE_OBJC_ARC = YES;
				CLANG_ENABLE_OBJC_WEAK = YES;
				CLANG_WARN_BLOCK_CAPTURE_AUTORELEASING = YES;
				CLANG_WARN_BOOL_CONVERSION = YES;
				CLANG_WARN_COMMA = YES;
				CLANG_WARN_CONSTANT_CONVERSION = YES;
				CLANG_WARN_DEPRECATED_OBJC_IMPLEMENTATIONS = YES;
				CLANG_WARN_DIRECT_OBJC_ISA_USAGE = YES_ERROR;
				CLANG_WARN_DOCUMENTATION_COMMENTS = YES;
				CLANG_WARN_EMPTY_BODY = YES;
				CLANG_WARN_ENUM_CONVERSION = YES;
				CLANG_WARN_INFINITE_RECURSION = YES;
				CLANG_WARN_INT_CONVERSION = YES;
				CLANG_WARN_NON_LITERAL_NULL_CONVERSION = YES;
				CLANG_WARN_OBJC_IMPLICIT_RETAIN_SELF = YES;
				CLANG_WARN_OBJC_LITERAL_CONVERSION = YES;
				CLANG_WARN_OBJC_ROOT_CLASS = YES_ERROR;
				CLANG_WARN_QUOTED_INCLUDE_IN_FRAMEWORK_HEADER = YES;
				CLANG_WARN_RANGE_LOOP_ANALYSIS = YES;
				CLANG_WARN_STRICT_PROTOTYPES = YES;
				CLANG_WARN_SUSPICIOUS_MOVE = YES;
				CLANG_WARN_UNGUARDED_AVAILABILITY = YES_AGGRESSIVE;
				CLANG_WARN_UNREACHABLE_CODE = YES;
				CLANG_WARN__DUPLICATE_METHOD_MATCH = YES;
				COPY_PHASE_STRIP = NO;
				DEBUG_INFORMATION_FORMAT = dwarf;
				ENABLE_STRICT_OBJC_MSGSEND = YES;
				ENABLE_TESTABILITY = YES;
				ENABLE_USER_SCRIPT_SANDBOXING = YES;
				GCC_C_LANGUAGE_STANDARD = gnu17;
				GCC_DYNAMIC_NO_PIC = NO;
				GCC_NO_COMMON_BLOCKS = YES;
				GCC_OPTIMIZATION_LEVEL = 0;
				GCC_PREPROCESSOR_DEFINITIONS = (
					"DEBUG=1",
					"$(inherited)",
				);
				GCC_WARN_64_TO_32_BIT_CONVERSION = YES;
				GCC_WARN_ABOUT_RETURN_TYPE = YES_ERROR;
				GCC_WARN_UNDECLARED_SELECTOR = YES;
				GCC_WARN_UNINITIALIZED_AUTOS = YES_AGGRESSIVE;
				GCC_WARN_UNUSED_FUNCTION = YES;
				GCC_WARN_UNUSED_VARIABLE = YES;
				IPHONEOS_DEPLOYMENT_TARGET = 17.5;
				LOCALIZATION_PREFERS_STRING_CATALOGS = YES;
				MTL_ENABLE_DEBUG_INFO = INCLUDE_SOURCE;
				MTL_FAST_MATH = YES;
				ONLY_ACTIVE_ARCH = YES;
				SDKROOT = iphoneos;
				SWIFT_ACTIVE_COMPILATION_CONDITIONS = "DEBUG $(inherited)";
				SWIFT_OPTIMIZATION_LEVEL = "-Onone";
			};
			name = Debug;
		};
		479D6DCF2C322A630081843A /* Release */ = {
			isa = XCBuildConfiguration;
			buildSettings = {
				ALWAYS_SEARCH_USER_PATHS = NO;
				ASSETCATALOG_COMPILER_GENERATE_SWIFT_ASSET_SYMBOL_EXTENSIONS = YES;
				CLANG_ANALYZER_NONNULL = YES;
				CLANG_ANALYZER_NUMBER_OBJECT_CONVERSION = YES_AGGRESSIVE;
				CLANG_CXX_LANGUAGE_STANDARD = "gnu++20";
				CLANG_ENABLE_MODULES = YES;
				CLANG_ENABLE_OBJC_ARC = YES;
				CLANG_ENABLE_OBJC_WEAK = YES;
				CLANG_WARN_BLOCK_CAPTURE_AUTORELEASING = YES;
				CLANG_WARN_BOOL_CONVERSION = YES;
				CLANG_WARN_COMMA = YES;
				CLANG_WARN_CONSTANT_CONVERSION = YES;
				CLANG_WARN_DEPRECATED_OBJC_IMPLEMENTATIONS = YES;
				CLANG_WARN_DIRECT_OBJC_ISA_USAGE = YES_ERROR;
				CLANG_WARN_DOCUMENTATION_COMMENTS = YES;
				CLANG_WARN_EMPTY_BODY = YES;
				CLANG_WARN_ENUM_CONVERSION = YES;
				CLANG_WARN_INFINITE_RECURSION = YES;
				CLANG_WARN_INT_CONVERSION = YES;
				CLANG_WARN_NON_LITERAL_NULL_CONVERSION = YES;
				CLANG_WARN_OBJC_IMPLICIT_RETAIN_SELF = YES;
				CLANG_WARN_OBJC_LITERAL_CONVERSION = YES;
				CLANG_WARN_OBJC_ROOT_CLASS = YES_ERROR;
				CLANG_WARN_QUOTED_INCLUDE_IN_FRAMEWORK_HEADER = YES;
				CLANG_WARN_RANGE_LOOP_ANALYSIS = YES;
				CLANG_WARN_STRICT_PROTOTYPES = YES;
				CLANG_WARN_SUSPICIOUS_MOVE = YES;
				CLANG_WARN_UNGUARDED_AVAILABILITY = YES_AGGRESSIVE;
				CLANG_WARN_UNREACHABLE_CODE = YES;
				CLANG_WARN__DUPLICATE_METHOD_MATCH = YES;
				COPY_PHASE_STRIP = NO;
				DEBUG_INFORMATION_FORMAT = "dwarf-with-dsym";
				ENABLE_NS_ASSERTIONS = NO;
				ENABLE_STRICT_OBJC_MSGSEND = YES;
				ENABLE_USER_SCRIPT_SANDBOXING = YES;
				GCC_C_LANGUAGE_STANDARD = gnu17;
				GCC_NO_COMMON_BLOCKS = YES;
				GCC_WARN_64_TO_32_BIT_CONVERSION = YES;
				GCC_WARN_ABOUT_RETURN_TYPE = YES_ERROR;
				GCC_WARN_UNDECLARED_SELECTOR = YES;
				GCC_WARN_UNINITIALIZED_AUTOS = YES_AGGRESSIVE;
				GCC_WARN_UNUSED_FUNCTION = YES;
				GCC_WARN_UNUSED_VARIABLE = YES;
				IPHONEOS_DEPLOYMENT_TARGET = 17.5;
				LOCALIZATION_PREFERS_STRING_CATALOGS = YES;
				MTL_ENABLE_DEBUG_INFO = NO;
				MTL_FAST_MATH = YES;
				SDKROOT = iphoneos;
				SWIFT_COMPILATION_MODE = wholemodule;
				VALIDATE_PRODUCT = YES;
			};
			name = Release;
		};
		479D6DD12C322A630081843A /* Debug */ = {
			isa = XCBuildConfiguration;
			buildSettings = {
				ASSETCATALOG_COMPILER_APPICON_NAME = AppIcon;
				ASSETCATALOG_COMPILER_GLOBAL_ACCENT_COLOR_NAME = AccentColor;
				CODE_SIGN_STYLE = Automatic;
				CURRENT_PROJECT_VERSION = 1;
				DEVELOPMENT_ASSET_PATHS = "\"ChefDelivery/Preview Content\"";
				ENABLE_PREVIEWS = YES;
				GENERATE_INFOPLIST_FILE = YES;
				INFOPLIST_KEY_UIApplicationSceneManifest_Generation = YES;
				INFOPLIST_KEY_UIApplicationSupportsIndirectInputEvents = YES;
				INFOPLIST_KEY_UILaunchScreen_Generation = YES;
				INFOPLIST_KEY_UISupportedInterfaceOrientations_iPad = "UIInterfaceOrientationPortrait UIInterfaceOrientationPortraitUpsideDown UIInterfaceOrientationLandscapeLeft UIInterfaceOrientationLandscapeRight";
				INFOPLIST_KEY_UISupportedInterfaceOrientations_iPhone = "UIInterfaceOrientationPortrait UIInterfaceOrientationLandscapeLeft UIInterfaceOrientationLandscapeRight";
				LD_RUNPATH_SEARCH_PATHS = (
					"$(inherited)",
					"@executable_path/Frameworks",
				);
				MARKETING_VERSION = 1.0;
				PRODUCT_BUNDLE_IDENTIFIER = wellingtonruan.ChefDelivery;
				PRODUCT_NAME = "$(TARGET_NAME)";
				SWIFT_EMIT_LOC_STRINGS = YES;
				SWIFT_VERSION = 5.0;
				TARGETED_DEVICE_FAMILY = "1,2";
			};
			name = Debug;
		};
		479D6DD22C322A630081843A /* Release */ = {
			isa = XCBuildConfiguration;
			buildSettings = {
				ASSETCATALOG_COMPILER_APPICON_NAME = AppIcon;
				ASSETCATALOG_COMPILER_GLOBAL_ACCENT_COLOR_NAME = AccentColor;
				CODE_SIGN_STYLE = Automatic;
				CURRENT_PROJECT_VERSION = 1;
				DEVELOPMENT_ASSET_PATHS = "\"ChefDelivery/Preview Content\"";
				ENABLE_PREVIEWS = YES;
				GENERATE_INFOPLIST_FILE = YES;
				INFOPLIST_KEY_UIApplicationSceneManifest_Generation = YES;
				INFOPLIST_KEY_UIApplicationSupportsIndirectInputEvents = YES;
				INFOPLIST_KEY_UILaunchScreen_Generation = YES;
				INFOPLIST_KEY_UISupportedInterfaceOrientations_iPad = "UIInterfaceOrientationPortrait UIInterfaceOrientationPortraitUpsideDown UIInterfaceOrientationLandscapeLeft UIInterfaceOrientationLandscapeRight";
				INFOPLIST_KEY_UISupportedInterfaceOrientations_iPhone = "UIInterfaceOrientationPortrait UIInterfaceOrientationLandscapeLeft UIInterfaceOrientationLandscapeRight";
				LD_RUNPATH_SEARCH_PATHS = (
					"$(inherited)",
					"@executable_path/Frameworks",
				);
				MARKETING_VERSION = 1.0;
				PRODUCT_BUNDLE_IDENTIFIER = wellingtonruan.ChefDelivery;
				PRODUCT_NAME = "$(TARGET_NAME)";
				SWIFT_EMIT_LOC_STRINGS = YES;
				SWIFT_VERSION = 5.0;
				TARGETED_DEVICE_FAMILY = "1,2";
			};
			name = Release;
		};
/* End XCBuildConfiguration section */

/* Begin XCConfigurationList section */
		479D6DBD2C322A610081843A /* Build configuration list for PBXProject "ChefDelivery" */ = {
			isa = XCConfigurationList;
			buildConfigurations = (
				479D6DCE2C322A630081843A /* Debug */,
				479D6DCF2C322A630081843A /* Release */,
			);
			defaultConfigurationIsVisible = 0;
			defaultConfigurationName = Release;
		};
		479D6DD02C322A630081843A /* Build configuration list for PBXNativeTarget "ChefDelivery" */ = {
			isa = XCConfigurationList;
			buildConfigurations = (
				479D6DD12C322A630081843A /* Debug */,
				479D6DD22C322A630081843A /* Release */,
			);
			defaultConfigurationIsVisible = 0;
			defaultConfigurationName = Release;
		};
/* End XCConfigurationList section */
	};
	rootObject = 479D6DBA2C322A610081843A /* Project object */;
}
